hash: 9032350b06bc0b3071c4e75932fba6c6d59ed9bf90da874926401729705d62ad
updated: 2017-03-04T20:36:43.573387171-06:00
imports:
- name: github.com/caarlos0/env
  version: d0de832ed2fbc4e7bfaa30ab5cf0b3417d15f529
- name: github.com/gorilla/context
  version: 08b5f424b9271eedf6f9f0ce86cb9396ed337a42
- name: github.com/gorilla/handlers
  version: 3a5767ca75ece5f7f1440b1d16975247f8d8b221
- name: github.com/gorilla/mux
  version: 392c28fe23e1c45ddba891b0320b3b5df220beea
- name: github.com/hyperdriven/hyperdrive
  version: f3687c021272cd990d642ca645dba69edc89b36c
testImports: []
