hash: 9f720a638e12a27f5991eb3f31d23e4e6685d7abaf4b2103d5dcd80ea234e624
updated: 2017-03-11T17:06:17.008621147-06:00
imports:
- name: github.com/caarlos0/env
  version: d0de832ed2fbc4e7bfaa30ab5cf0b3417d15f529
- name: github.com/gorilla/context
  version: 08b5f424b9271eedf6f9f0ce86cb9396ed337a42
- name: github.com/gorilla/handlers
  version: 3a5767ca75ece5f7f1440b1d16975247f8d8b221
- name: github.com/gorilla/mux
  version: 392c28fe23e1c45ddba891b0320b3b5df220beea
- name: github.com/hyperdriven/hyperdrive
  version: 905d4415391ed14851b6042c21397689068491a8
- name: github.com/Masterminds/semver
  version: 59c29afe1a994eacb71c833025ca7acf874bb1da
- name: github.com/metal3d/go-slugify
  version: 7ac2014b2f23e254684c08d597496681d12c6a8a
testImports: []
